
Microsoft Visual Studio Solution File, Format Version 12.00
# Visual Studio Version 16
VisualStudioVersion = 16.0.31205.134
MinimumVisualStudioVersion = 10.0.40219.1
Project("{FAE04EC0-301F-11D3-BF4B-00C04F79EFBC}") = "OrderManagement", "OrderManagement\OrderManagement.csproj", "{D1CA24C5-DC66-45CD-A4B2-00FC1A68B98B}"
EndProject
Global
	GlobalSection(SolutionConfigurationPlatforms) = preSolution
		Debug|Any CPU = Debug|Any CPU
		Release|Any CPU = Release|Any CPU
	EndGlobalSection
	GlobalSection(ProjectConfigurationPlatforms) = postSolution
		{D1CA24C5-DC66-45CD-A4B2-00FC1A68B98B}.Debug|Any CPU.ActiveCfg = Debug|Any CPU
		{D1CA24C5-DC66-45CD-A4B2-00FC1A68B98B}.Debug|Any CPU.Build.0 = Debug|Any CPU
		{D1CA24C5-DC66-45CD-A4B2-00FC1A68B98B}.Release|Any CPU.ActiveCfg = Release|Any CPU
		{D1CA24C5-DC66-45CD-A4B2-00FC1A68B98B}.Release|Any CPU.Build.0 = Release|Any CPU
	EndGlobalSection
	GlobalSection(SolutionProperties) = preSolution
		HideSolutionNode = FALSE
	EndGlobalSection
	GlobalSection(ExtensibilityGlobals) = postSolution
		SolutionGuid = {DD4DEF18-5A44-4EB2-8800-555527EF0E1A}
	EndGlobalSection
EndGlobal
